
Microsoft Visual Studio Solution File, Format Version 12.00
# Visual Studio Version 17
VisualStudioVersion = 17.7.34031.279
MinimumVisualStudioVersion = 10.0.40219.1
Project("{FAE04EC0-301F-11D3-BF4B-00C04F79EFBC}") = "Final", "Final.csproj", "{EC8618FB-3D4A-47D9-8064-8ACAC9DF2934}"
EndProject
Global
	GlobalSection(SolutionConfigurationPlatforms) = preSolution
		Debug|Any CPU = Debug|Any CPU
		Release|Any CPU = Release|Any CPU
	EndGlobalSection
	GlobalSection(ProjectConfigurationPlatforms) = postSolution
		{EC8618FB-3D4A-47D9-8064-8ACAC9DF2934}.Debug|Any CPU.ActiveCfg = Debug|Any CPU
		{EC8618FB-3D4A-47D9-8064-8ACAC9DF2934}.Debug|Any CPU.Build.0 = Debug|Any CPU
		{EC8618FB-3D4A-47D9-8064-8ACAC9DF2934}.Release|Any CPU.ActiveCfg = Release|Any CPU
		{EC8618FB-3D4A-47D9-8064-8ACAC9DF2934}.Release|Any CPU.Build.0 = Release|Any CPU
	EndGlobalSection
	GlobalSection(SolutionProperties) = preSolution
		HideSolutionNode = FALSE
	EndGlobalSection
	GlobalSection(ExtensibilityGlobals) = postSolution
		SolutionGuid = {22921CE8-4F55-4FAF-BA9F-99C59E883E84}
	EndGlobalSection
EndGlobal
